
Microsoft Visual Studio Solution File, Format Version 11.00
# Visual Studio 2010
Project("{FAE04EC0-301F-11D3-BF4B-00C04F79EFBC}") = "Assembly-CSharp-firstpass", "Assembly-CSharp-firstpass.csproj", "{03044708-6B0A-2A6C-11EF-75D51401097C}"
EndProject
Project("{FAE04EC0-301F-11D3-BF4B-00C04F79EFBC}") = "Assembly-CSharp-Editor-firstpass", "Assembly-CSharp-Editor-firstpass.csproj", "{09B87C01-A5D6-02B6-50D9-2913C61BC702}"
EndProject
Global
	GlobalSection(SolutionConfigurationPlatforms) = preSolution
		Debug|Any CPU = Debug|Any CPU
		Release|Any CPU = Release|Any CPU
	EndGlobalSection
	GlobalSection(ProjectConfigurationPlatforms) = postSolution
		{03044708-6B0A-2A6C-11EF-75D51401097C}.Debug|Any CPU.ActiveCfg = Debug|Any CPU
		{03044708-6B0A-2A6C-11EF-75D51401097C}.Debug|Any CPU.Build.0 = Debug|Any CPU
		{03044708-6B0A-2A6C-11EF-75D51401097C}.Release|Any CPU.ActiveCfg = Release|Any CPU
		{03044708-6B0A-2A6C-11EF-75D51401097C}.Release|Any CPU.Build.0 = Release|Any CPU
		{09B87C01-A5D6-02B6-50D9-2913C61BC702}.Debug|Any CPU.ActiveCfg = Debug|Any CPU
		{09B87C01-A5D6-02B6-50D9-2913C61BC702}.Debug|Any CPU.Build.0 = Debug|Any CPU
		{09B87C01-A5D6-02B6-50D9-2913C61BC702}.Release|Any CPU.ActiveCfg = Release|Any CPU
		{09B87C01-A5D6-02B6-50D9-2913C61BC702}.Release|Any CPU.Build.0 = Release|Any CPU
	EndGlobalSection
	GlobalSection(SolutionProperties) = preSolution
		HideSolutionNode = FALSE
	EndGlobalSection
	GlobalSection(MonoDevelopProperties) = preSolution
		StartupItem = Assembly-CSharp.csproj
	EndGlobalSection
EndGlobal
